// !$*UTF8*$!
{
	archiveVersion = 1;
	classes = {
	};
	objectVersion = 50;
	objects = {

/* Begin PBXBuildFile section */
		5F3B50672598245F00CA710E /* KY_MobileApp.swift in Sources */ = {isa = PBXBuildFile; fileRef = 5F3B50662598245F00CA710E /* KY_MobileApp.swift */; };
		5F3B50692598245F00CA710E /* ContentView.swift in Sources */ = {isa = PBXBuildFile; fileRef = 5F3B50682598245F00CA710E /* ContentView.swift */; };
		5F3B506B2598246500CA710E /* Assets.xcassets in Resources */ = {isa = PBXBuildFile; fileRef = 5F3B506A2598246500CA710E /* Assets.xcassets */; };
		5F3B506E2598246500CA710E /* Preview Assets.xcassets in Resources */ = {isa = PBXBuildFile; fileRef = 5F3B506D2598246500CA710E /* Preview Assets.xcassets */; };
		5F3B507C2598291000CA710E /* User.swift in Sources */ = {isa = PBXBuildFile; fileRef = 5F3B507B2598291000CA710E /* User.swift */; };
		5F3B507F2598292000CA710E /* HomeModel.swift in Sources */ = {isa = PBXBuildFile; fileRef = 5F3B507E2598292000CA710E /* HomeModel.swift */; };
		5F3B50822598292600CA710E /* CurrentModel.swift in Sources */ = {isa = PBXBuildFile; fileRef = 5F3B50812598292600CA710E /* CurrentModel.swift */; };
		5F3B50852598292D00CA710E /* NoticesModel.swift in Sources */ = {isa = PBXBuildFile; fileRef = 5F3B50842598292D00CA710E /* NoticesModel.swift */; };
		5F3B508A2598294500CA710E /* FBAuthentication.swift in Sources */ = {isa = PBXBuildFile; fileRef = 5F3B50872598294500CA710E /* FBAuthentication.swift */; };
		5F3B508B2598294500CA710E /* FBErrors.swift in Sources */ = {isa = PBXBuildFile; fileRef = 5F3B50882598294500CA710E /* FBErrors.swift */; };
		5F3B508C2598294500CA710E /* FBFirestoreFunctions.swift in Sources */ = {isa = PBXBuildFile; fileRef = 5F3B50892598294500CA710E /* FBFirestoreFunctions.swift */; };
/* End PBXBuildFile section */

/* Begin PBXFileReference section */
		5F3B50632598245F00CA710E /* KY Mobile.app */ = {isa = PBXFileReference; explicitFileType = wrapper.application; includeInIndex = 0; path = "KY Mobile.app"; sourceTree = BUILT_PRODUCTS_DIR; };
		5F3B50662598245F00CA710E /* KY_MobileApp.swift */ = {isa = PBXFileReference; lastKnownFileType = sourcecode.swift; path = KY_MobileApp.swift; sourceTree = "<group>"; };
		5F3B50682598245F00CA710E /* ContentView.swift */ = {isa = PBXFileReference; lastKnownFileType = sourcecode.swift; path = ContentView.swift; sourceTree = "<group>"; };
		5F3B506A2598246500CA710E /* Assets.xcassets */ = {isa = PBXFileReference; lastKnownFileType = folder.assetcatalog; path = Assets.xcassets; sourceTree = "<group>"; };
		5F3B506D2598246500CA710E /* Preview Assets.xcassets */ = {isa = PBXFileReference; lastKnownFileType = folder.assetcatalog; path = "Preview Assets.xcassets"; sourceTree = "<group>"; };
		5F3B506F2598246500CA710E /* Info.plist */ = {isa = PBXFileReference; lastKnownFileType = text.plist.xml; path = Info.plist; sourceTree = "<group>"; };
		5F3B507B2598291000CA710E /* User.swift */ = {isa = PBXFileReference; fileEncoding = 4; lastKnownFileType = sourcecode.swift; path = User.swift; sourceTree = "<group>"; };
		5F3B507E2598292000CA710E /* HomeModel.swift */ = {isa = PBXFileReference; fileEncoding = 4; lastKnownFileType = sourcecode.swift; path = HomeModel.swift; sourceTree = "<group>"; };
		5F3B50812598292600CA710E /* CurrentModel.swift */ = {isa = PBXFileReference; fileEncoding = 4; lastKnownFileType = sourcecode.swift; path = CurrentModel.swift; sourceTree = "<group>"; };
		5F3B50842598292D00CA710E /* NoticesModel.swift */ = {isa = PBXFileReference; fileEncoding = 4; lastKnownFileType = sourcecode.swift; path = NoticesModel.swift; sourceTree = "<group>"; };
		5F3B50872598294500CA710E /* FBAuthentication.swift */ = {isa = PBXFileReference; fileEncoding = 4; lastKnownFileType = sourcecode.swift; path = FBAuthentication.swift; sourceTree = "<group>"; };
		5F3B50882598294500CA710E /* FBErrors.swift */ = {isa = PBXFileReference; fileEncoding = 4; lastKnownFileType = sourcecode.swift; path = FBErrors.swift; sourceTree = "<group>"; };
		5F3B50892598294500CA710E /* FBFirestoreFunctions.swift */ = {isa = PBXFileReference; fileEncoding = 4; lastKnownFileType = sourcecode.swift; path = FBFirestoreFunctions.swift; sourceTree = "<group>"; };
/* End PBXFileReference section */

/* Begin PBXFrameworksBuildPhase section */
		5F3B50602598245F00CA710E /* Frameworks */ = {
			isa = PBXFrameworksBuildPhase;
			buildActionMask = 2147483647;
			files = (
			);
			runOnlyForDeploymentPostprocessing = 0;
		};
/* End PBXFrameworksBuildPhase section */

/* Begin PBXGroup section */
		5F3B505A2598245F00CA710E = {
			isa = PBXGroup;
			children = (
				5F3B50652598245F00CA710E /* KY Mobile */,
				5F3B50642598245F00CA710E /* Products */,
			);
			sourceTree = "<group>";
		};
		5F3B50642598245F00CA710E /* Products */ = {
			isa = PBXGroup;
			children = (
				5F3B50632598245F00CA710E /* KY Mobile.app */,
			);
			name = Products;
			sourceTree = "<group>";
		};
		5F3B50652598245F00CA710E /* KY Mobile */ = {
			isa = PBXGroup;
			children = (
				5F3B50662598245F00CA710E /* KY_MobileApp.swift */,
				5F3B50682598245F00CA710E /* ContentView.swift */,
				5F3B507A2598283300CA710E /* View */,
				5F3B50792598282B00CA710E /* ViewModel */,
				5F3B50782598281B00CA710E /* Model */,
				5F3B50762598280B00CA710E /* Firebase */,
				5F3B506A2598246500CA710E /* Assets.xcassets */,
				5F3B506F2598246500CA710E /* Info.plist */,
				5F3B506C2598246500CA710E /* Preview Content */,
			);
			path = "KY Mobile";
			sourceTree = "<group>";
		};
		5F3B506C2598246500CA710E /* Preview Content */ = {
			isa = PBXGroup;
			children = (
				5F3B506D2598246500CA710E /* Preview Assets.xcassets */,
			);
			path = "Preview Content";
			sourceTree = "<group>";
		};
		5F3B50762598280B00CA710E /* Firebase */ = {
			isa = PBXGroup;
			children = (
				5F3B50872598294500CA710E /* FBAuthentication.swift */,
				5F3B50882598294500CA710E /* FBErrors.swift */,
				5F3B50892598294500CA710E /* FBFirestoreFunctions.swift */,
			);
			path = Firebase;
			sourceTree = "<group>";
		};
		5F3B50782598281B00CA710E /* Model */ = {
			isa = PBXGroup;
			children = (
				5F3B507B2598291000CA710E /* User.swift */,
				5F3B507E2598292000CA710E /* HomeModel.swift */,
				5F3B50812598292600CA710E /* CurrentModel.swift */,
				5F3B50842598292D00CA710E /* NoticesModel.swift */,
			);
			path = Model;
			sourceTree = "<group>";
		};
		5F3B50792598282B00CA710E /* ViewModel */ = {
			isa = PBXGroup;
			children = (
			);
			path = ViewModel;
			sourceTree = "<group>";
		};
		5F3B507A2598283300CA710E /* View */ = {
			isa = PBXGroup;
			children = (
			);
			path = View;
			sourceTree = "<group>";
		};
/* End PBXGroup section */

/* Begin PBXNativeTarget section */
		5F3B50622598245F00CA710E /* KY Mobile */ = {
			isa = PBXNativeTarget;
			buildConfigurationList = 5F3B50722598246500CA710E /* Build configuration list for PBXNativeTarget "KY Mobile" */;
			buildPhases = (
				5F3B505F2598245F00CA710E /* Sources */,
				5F3B50602598245F00CA710E /* Frameworks */,
				5F3B50612598245F00CA710E /* Resources */,
			);
			buildRules = (
			);
			dependencies = (
			);
			name = "KY Mobile";
			productName = "KY Mobile";
			productReference = 5F3B50632598245F00CA710E /* KY Mobile.app */;
			productType = "com.apple.product-type.application";
		};
/* End PBXNativeTarget section */

/* Begin PBXProject section */
		5F3B505B2598245F00CA710E /* Project object */ = {
			isa = PBXProject;
			attributes = {
				LastSwiftUpdateCheck = 1230;
				LastUpgradeCheck = 1230;
				TargetAttributes = {
					5F3B50622598245F00CA710E = {
						CreatedOnToolsVersion = 12.3;
					};
				};
			};
			buildConfigurationList = 5F3B505E2598245F00CA710E /* Build configuration list for PBXProject "KY Mobile" */;
			compatibilityVersion = "Xcode 9.3";
			developmentRegion = en;
			hasScannedForEncodings = 0;
			knownRegions = (
				en,
				Base,
			);
			mainGroup = 5F3B505A2598245F00CA710E;
			productRefGroup = 5F3B50642598245F00CA710E /* Products */;
			projectDirPath = "";
			projectRoot = "";
			targets = (
				5F3B50622598245F00CA710E /* KY Mobile */,
			);
		};
/* End PBXProject section */

/* Begin PBXResourcesBuildPhase section */
		5F3B50612598245F00CA710E /* Resources */ = {
			isa = PBXResourcesBuildPhase;
			buildActionMask = 2147483647;
			files = (
				5F3B506E2598246500CA710E /* Preview Assets.xcassets in Resources */,
				5F3B506B2598246500CA710E /* Assets.xcassets in Resources */,
			);
			runOnlyForDeploymentPostprocessing = 0;
		};
/* End PBXResourcesBuildPhase section */

/* Begin PBXSourcesBuildPhase section */
		5F3B505F2598245F00CA710E /* Sources */ = {
			isa = PBXSourcesBuildPhase;
			buildActionMask = 2147483647;
			files = (
				5F3B507F2598292000CA710E /* HomeModel.swift in Sources */,
				5F3B50692598245F00CA710E /* ContentView.swift in Sources */,
				5F3B50672598245F00CA710E /* KY_MobileApp.swift in Sources */,
				5F3B508C2598294500CA710E /* FBFirestoreFunctions.swift in Sources */,
				5F3B50852598292D00CA710E /* NoticesModel.swift in Sources */,
				5F3B508A2598294500CA710E /* FBAuthentication.swift in Sources */,
				5F3B50822598292600CA710E /* CurrentModel.swift in Sources */,
				5F3B508B2598294500CA710E /* FBErrors.swift in Sources */,
				5F3B507C2598291000CA710E /* User.swift in Sources */,
			);
			runOnlyForDeploymentPostprocessing = 0;
		};
/* End PBXSourcesBuildPhase section */

/* Begin XCBuildConfiguration section */
		5F3B50702598246500CA710E /* Debug */ = {
			isa = XCBuildConfiguration;
			buildSettings = {
				ALWAYS_SEARCH_USER_PATHS = NO;
				CLANG_ANALYZER_NONNULL = YES;
				CLANG_ANALYZER_NUMBER_OBJECT_CONVERSION = YES_AGGRESSIVE;
				CLANG_CXX_LANGUAGE_STANDARD = "gnu++14";
				CLANG_CXX_LIBRARY = "libc++";
				CLANG_ENABLE_MODULES = YES;
				CLANG_ENABLE_OBJC_ARC = YES;
				CLANG_ENABLE_OBJC_WEAK = YES;
				CLANG_WARN_BLOCK_CAPTURE_AUTORELEASING = YES;
				CLANG_WARN_BOOL_CONVERSION = YES;
				CLANG_WARN_COMMA = YES;
				CLANG_WARN_CONSTANT_CONVERSION = YES;
				CLANG_WARN_DEPRECATED_OBJC_IMPLEMENTATIONS = YES;
				CLANG_WARN_DIRECT_OBJC_ISA_USAGE = YES_ERROR;
				CLANG_WARN_DOCUMENTATION_COMMENTS = YES;
				CLANG_WARN_EMPTY_BODY = YES;
				CLANG_WARN_ENUM_CONVERSION = YES;
				CLANG_WARN_INFINITE_RECURSION = YES;
				CLANG_WARN_INT_CONVERSION = YES;
				CLANG_WARN_NON_LITERAL_NULL_CONVERSION = YES;
				CLANG_WARN_OBJC_IMPLICIT_RETAIN_SELF = YES;
				CLANG_WARN_OBJC_LITERAL_CONVERSION = YES;
				CLANG_WARN_OBJC_ROOT_CLASS = YES_ERROR;
				CLANG_WARN_QUOTED_INCLUDE_IN_FRAMEWORK_HEADER = YES;
				CLANG_WARN_RANGE_LOOP_ANALYSIS = YES;
				CLANG_WARN_STRICT_PROTOTYPES = YES;
				CLANG_WARN_SUSPICIOUS_MOVE = YES;
				CLANG_WARN_UNGUARDED_AVAILABILITY = YES_AGGRESSIVE;
				CLANG_WARN_UNREACHABLE_CODE = YES;
				CLANG_WARN__DUPLICATE_METHOD_MATCH = YES;
				COPY_PHASE_STRIP = NO;
				DEBUG_INFORMATION_FORMAT = dwarf;
				ENABLE_STRICT_OBJC_MSGSEND = YES;
				ENABLE_TESTABILITY = YES;
				GCC_C_LANGUAGE_STANDARD = gnu11;
				GCC_DYNAMIC_NO_PIC = NO;
				GCC_NO_COMMON_BLOCKS = YES;
				GCC_OPTIMIZATION_LEVEL = 0;
				GCC_PREPROCESSOR_DEFINITIONS = (
					"DEBUG=1",
					"$(inherited)",
				);
				GCC_WARN_64_TO_32_BIT_CONVERSION = YES;
				GCC_WARN_ABOUT_RETURN_TYPE = YES_ERROR;
				GCC_WARN_UNDECLARED_SELECTOR = YES;
				GCC_WARN_UNINITIALIZED_AUTOS = YES_AGGRESSIVE;
				GCC_WARN_UNUSED_FUNCTION = YES;
				GCC_WARN_UNUSED_VARIABLE = YES;
				IPHONEOS_DEPLOYMENT_TARGET = 14.3;
				MTL_ENABLE_DEBUG_INFO = INCLUDE_SOURCE;
				MTL_FAST_MATH = YES;
				ONLY_ACTIVE_ARCH = YES;
				SDKROOT = iphoneos;
				SWIFT_ACTIVE_COMPILATION_CONDITIONS = DEBUG;
				SWIFT_OPTIMIZATION_LEVEL = "-Onone";
			};
			name = Debug;
		};
		5F3B50712598246500CA710E /* Release */ = {
			isa = XCBuildConfiguration;
			buildSettings = {
				ALWAYS_SEARCH_USER_PATHS = NO;
				CLANG_ANALYZER_NONNULL = YES;
				CLANG_ANALYZER_NUMBER_OBJECT_CONVERSION = YES_AGGRESSIVE;
				CLANG_CXX_LANGUAGE_STANDARD = "gnu++14";
				CLANG_CXX_LIBRARY = "libc++";
				CLANG_ENABLE_MODULES = YES;
				CLANG_ENABLE_OBJC_ARC = YES;
				CLANG_ENABLE_OBJC_WEAK = YES;
				CLANG_WARN_BLOCK_CAPTURE_AUTORELEASING = YES;
				CLANG_WARN_BOOL_CONVERSION = YES;
				CLANG_WARN_COMMA = YES;
				CLANG_WARN_CONSTANT_CONVERSION = YES;
				CLANG_WARN_DEPRECATED_OBJC_IMPLEMENTATIONS = YES;
				CLANG_WARN_DIRECT_OBJC_ISA_USAGE = YES_ERROR;
				CLANG_WARN_DOCUMENTATION_COMMENTS = YES;
				CLANG_WARN_EMPTY_BODY = YES;
				CLANG_WARN_ENUM_CONVERSION = YES;
				CLANG_WARN_INFINITE_RECURSION = YES;
				CLANG_WARN_INT_CONVERSION = YES;
				CLANG_WARN_NON_LITERAL_NULL_CONVERSION = YES;
				CLANG_WARN_OBJC_IMPLICIT_RETAIN_SELF = YES;
				CLANG_WARN_OBJC_LITERAL_CONVERSION = YES;
				CLANG_WARN_OBJC_ROOT_CLASS = YES_ERROR;
				CLANG_WARN_QUOTED_INCLUDE_IN_FRAMEWORK_HEADER = YES;
				CLANG_WARN_RANGE_LOOP_ANALYSIS = YES;
				CLANG_WARN_STRICT_PROTOTYPES = YES;
				CLANG_WARN_SUSPICIOUS_MOVE = YES;
				CLANG_WARN_UNGUARDED_AVAILABILITY = YES_AGGRESSIVE;
				CLANG_WARN_UNREACHABLE_CODE = YES;
				CLANG_WARN__DUPLICATE_METHOD_MATCH = YES;
				COPY_PHASE_STRIP = NO;
				DEBUG_INFORMATION_FORMAT = "dwarf-with-dsym";
				ENABLE_NS_ASSERTIONS = NO;
				ENABLE_STRICT_OBJC_MSGSEND = YES;
				GCC_C_LANGUAGE_STANDARD = gnu11;
				GCC_NO_COMMON_BLOCKS = YES;
				GCC_WARN_64_TO_32_BIT_CONVERSION = YES;
				GCC_WARN_ABOUT_RETURN_TYPE = YES_ERROR;
				GCC_WARN_UNDECLARED_SELECTOR = YES;
				GCC_WARN_UNINITIALIZED_AUTOS = YES_AGGRESSIVE;
				GCC_WARN_UNUSED_FUNCTION = YES;
				GCC_WARN_UNUSED_VARIABLE = YES;
				IPHONEOS_DEPLOYMENT_TARGET = 14.3;
				MTL_ENABLE_DEBUG_INFO = NO;
				MTL_FAST_MATH = YES;
				SDKROOT = iphoneos;
				SWIFT_COMPILATION_MODE = wholemodule;
				SWIFT_OPTIMIZATION_LEVEL = "-O";
				VALIDATE_PRODUCT = YES;
			};
			name = Release;
		};
		5F3B50732598246500CA710E /* Debug */ = {
			isa = XCBuildConfiguration;
			buildSettings = {
				ASSETCATALOG_COMPILER_APPICON_NAME = AppIcon;
				ASSETCATALOG_COMPILER_GLOBAL_ACCENT_COLOR_NAME = AccentColor;
				CODE_SIGN_STYLE = Automatic;
				DEVELOPMENT_ASSET_PATHS = "\"KY Mobile/Preview Content\"";
				DEVELOPMENT_TEAM = HJ6ZKGH2DH;
				ENABLE_PREVIEWS = YES;
				INFOPLIST_FILE = "KY Mobile/Info.plist";
				IPHONEOS_DEPLOYMENT_TARGET = 14.0;
				LD_RUNPATH_SEARCH_PATHS = (
					"$(inherited)",
					"@executable_path/Frameworks",
				);
				PRODUCT_BUNDLE_IDENTIFIER = "kycomputingsociety.KY-Mobile";
				PRODUCT_NAME = "$(TARGET_NAME)";
				SWIFT_VERSION = 5.0;
				TARGETED_DEVICE_FAMILY = "1,2";
			};
			name = Debug;
		};
		5F3B50742598246500CA710E /* Release */ = {
			isa = XCBuildConfiguration;
			buildSettings = {
				ASSETCATALOG_COMPILER_APPICON_NAME = AppIcon;
				ASSETCATALOG_COMPILER_GLOBAL_ACCENT_COLOR_NAME = AccentColor;
				CODE_SIGN_STYLE = Automatic;
				DEVELOPMENT_ASSET_PATHS = "\"KY Mobile/Preview Content\"";
				DEVELOPMENT_TEAM = HJ6ZKGH2DH;
				ENABLE_PREVIEWS = YES;
				INFOPLIST_FILE = "KY Mobile/Info.plist";
				IPHONEOS_DEPLOYMENT_TARGET = 14.0;
				LD_RUNPATH_SEARCH_PATHS = (
					"$(inherited)",
					"@executable_path/Frameworks",
				);
				PRODUCT_BUNDLE_IDENTIFIER = "kycomputingsociety.KY-Mobile";
				PRODUCT_NAME = "$(TARGET_NAME)";
				SWIFT_VERSION = 5.0;
				TARGETED_DEVICE_FAMILY = "1,2";
			};
			name = Release;
		};
/* End XCBuildConfiguration section */

/* Begin XCConfigurationList section */
		5F3B505E2598245F00CA710E /* Build configuration list for PBXProject "KY Mobile" */ = {
			isa = XCConfigurationList;
			buildConfigurations = (
				5F3B50702598246500CA710E /* Debug */,
				5F3B50712598246500CA710E /* Release */,
			);
			defaultConfigurationIsVisible = 0;
			defaultConfigurationName = Release;
		};
		5F3B50722598246500CA710E /* Build configuration list for PBXNativeTarget "KY Mobile" */ = {
			isa = XCConfigurationList;
			buildConfigurations = (
				5F3B50732598246500CA710E /* Debug */,
				5F3B50742598246500CA710E /* Release */,
			);
			defaultConfigurationIsVisible = 0;
			defaultConfigurationName = Release;
		};
/* End XCConfigurationList section */
	};
	rootObject = 5F3B505B2598245F00CA710E /* Project object */;
}
