// !$*UTF8*$!
{
	archiveVersion = 1;
	classes = {
	};
	objectVersion = 51;
	objects = {

/* Begin PBXBuildFile section */
		5F3B50672598245F00CA710E /* KY_MobileApp.swift in Sources */ = {isa = PBXBuildFile; fileRef = 5F3B50662598245F00CA710E /* KY_MobileApp.swift */; };
		5F3B506B2598246500CA710E /* Assets.xcassets in Resources */ = {isa = PBXBuildFile; fileRef = 5F3B506A2598246500CA710E /* Assets.xcassets */; };
		5F3B506E2598246500CA710E /* Preview Assets.xcassets in Resources */ = {isa = PBXBuildFile; fileRef = 5F3B506D2598246500CA710E /* Preview Assets.xcassets */; };
		5F3B509125982FF600CA710E /* NewUserModel.swift in Sources */ = {isa = PBXBuildFile; fileRef = 5F3B509025982FF600CA710E /* NewUserModel.swift */; };
		5F3B5099259833DA00CA710E /* UserModel.swift in Sources */ = {isa = PBXBuildFile; fileRef = 5F3B5098259833DA00CA710E /* UserModel.swift */; };
		5F3B509D2598340600CA710E /* NotificationModel.swift in Sources */ = {isa = PBXBuildFile; fileRef = 5F3B509C2598340600CA710E /* NotificationModel.swift */; };
		5F3B50A12598342600CA710E /* EventModel.swift in Sources */ = {isa = PBXBuildFile; fileRef = 5F3B50A02598342600CA710E /* EventModel.swift */; };
		5F3B50A42598343400CA710E /* NoticeModel.swift in Sources */ = {isa = PBXBuildFile; fileRef = 5F3B50A32598343400CA710E /* NoticeModel.swift */; };
		5F3B50A82598348B00CA710E /* FBAuth.swift in Sources */ = {isa = PBXBuildFile; fileRef = 5F3B50A72598348B00CA710E /* FBAuth.swift */; };
		5F3B50AB2598349200CA710E /* FBError.swift in Sources */ = {isa = PBXBuildFile; fileRef = 5F3B50AA2598349200CA710E /* FBError.swift */; };
		5F3B50AE259834A200CA710E /* FBService.swift in Sources */ = {isa = PBXBuildFile; fileRef = 5F3B50AD259834A200CA710E /* FBService.swift */; };
		5F3B511E25983AA800CA710E /* AuthForgotPw.swift in Sources */ = {isa = PBXBuildFile; fileRef = 5F3B511A25983AA700CA710E /* AuthForgotPw.swift */; };
		5F3B511F25983AA800CA710E /* AuthSignUp.swift in Sources */ = {isa = PBXBuildFile; fileRef = 5F3B511B25983AA700CA710E /* AuthSignUp.swift */; };
		5F3B512025983AA800CA710E /* AuthIntro.swift in Sources */ = {isa = PBXBuildFile; fileRef = 5F3B511C25983AA700CA710E /* AuthIntro.swift */; };
		5F3B512125983AA800CA710E /* AuthSignIn.swift in Sources */ = {isa = PBXBuildFile; fileRef = 5F3B511D25983AA800CA710E /* AuthSignIn.swift */; };
		5F3B512425983AD800CA710E /* HomeView.swift in Sources */ = {isa = PBXBuildFile; fileRef = 5F3B512325983AD800CA710E /* HomeView.swift */; };
		5F3B512925983AE700CA710E /* NewNoticeSheet.swift in Sources */ = {isa = PBXBuildFile; fileRef = 5F3B512625983AE700CA710E /* NewNoticeSheet.swift */; };
		5F3B512A25983AE700CA710E /* NoticesView.swift in Sources */ = {isa = PBXBuildFile; fileRef = 5F3B512725983AE700CA710E /* NoticesView.swift */; };
		5F3B512B25983AE700CA710E /* NoticeCardView.swift in Sources */ = {isa = PBXBuildFile; fileRef = 5F3B512825983AE700CA710E /* NoticeCardView.swift */; };
		5F3B513025983B2400CA710E /* EventCardView.swift in Sources */ = {isa = PBXBuildFile; fileRef = 5F3B512D25983B2400CA710E /* EventCardView.swift */; };
		5F3B513125983B2400CA710E /* CurrentView.swift in Sources */ = {isa = PBXBuildFile; fileRef = 5F3B512E25983B2400CA710E /* CurrentView.swift */; };
		5F3B513225983B2400CA710E /* NewEventSheet.swift in Sources */ = {isa = PBXBuildFile; fileRef = 5F3B512F25983B2400CA710E /* NewEventSheet.swift */; };
		5F3B513525983B3000CA710E /* ProfileView.swift in Sources */ = {isa = PBXBuildFile; fileRef = 5F3B513425983B3000CA710E /* ProfileView.swift */; };
		5F3B513825983B4200CA710E /* HomeViewModel.swift in Sources */ = {isa = PBXBuildFile; fileRef = 5F3B513725983B4200CA710E /* HomeViewModel.swift */; };
		5F3B513E25983B6100CA710E /* NoticesViewModel.swift in Sources */ = {isa = PBXBuildFile; fileRef = 5F3B513D25983B6100CA710E /* NoticesViewModel.swift */; };
		5F3B514625983B7B00CA710E /* ImagePickerView.swift in Sources */ = {isa = PBXBuildFile; fileRef = 5F3B514025983B7A00CA710E /* ImagePickerView.swift */; };
		5F3B514825983B7B00CA710E /* Elements.swift in Sources */ = {isa = PBXBuildFile; fileRef = 5F3B514225983B7B00CA710E /* Elements.swift */; };
		5F3B514925983B7B00CA710E /* CurrentUserInfo.swift in Sources */ = {isa = PBXBuildFile; fileRef = 5F3B514325983B7B00CA710E /* CurrentUserInfo.swift */; };
		5F3B514A25983B7B00CA710E /* TabBarView.swift in Sources */ = {isa = PBXBuildFile; fileRef = 5F3B514425983B7B00CA710E /* TabBarView.swift */; };
		5F3B514B25983B7B00CA710E /* Time.swift in Sources */ = {isa = PBXBuildFile; fileRef = 5F3B514525983B7B00CA710E /* Time.swift */; };
		5F3B514F259874B200CA710E /* GoogleService-Info.plist in Resources */ = {isa = PBXBuildFile; fileRef = 5F3B514E259874B200CA710E /* GoogleService-Info.plist */; };
		5F3B5184259878EF00CA710E /* CurrentViewModel.swift in Sources */ = {isa = PBXBuildFile; fileRef = 5F3B5183259878EF00CA710E /* CurrentViewModel.swift */; };
		5F3B51A325987C0100CA710E /* Images.xcassets in Resources */ = {isa = PBXBuildFile; fileRef = 5F3B51A125987BFF00CA710E /* Images.xcassets */; };
		5F3B51A425987C0100CA710E /* Colors.xcassets in Resources */ = {isa = PBXBuildFile; fileRef = 5F3B51A225987C0100CA710E /* Colors.xcassets */; };
		5F3B51A725987CC000CA710E /* ViewController.swift in Sources */ = {isa = PBXBuildFile; fileRef = 5F3B51A625987CC000CA710E /* ViewController.swift */; };
		5FD6E2D82599BC6D0085132B /* EventFullView.swift in Sources */ = {isa = PBXBuildFile; fileRef = 5FD6E2D72599BC6D0085132B /* EventFullView.swift */; };
		5FD6E2DC2599D7D30085132B /* URLImage.swift in Sources */ = {isa = PBXBuildFile; fileRef = 5FD6E2DB2599D7D30085132B /* URLImage.swift */; };
		5FD6E2E42599DFDE0085132B /* ImageLoaderViewModel.swift in Sources */ = {isa = PBXBuildFile; fileRef = 5FD6E2E32599DFDE0085132B /* ImageLoaderViewModel.swift */; };
		D83A57C49FD7843360ED3553 /* Pods_KY_Mobile.framework in Frameworks */ = {isa = PBXBuildFile; fileRef = 3164FB62B2B2865994DB02C0 /* Pods_KY_Mobile.framework */; };
/* End PBXBuildFile section */

/* Begin PBXFileReference section */
		3164FB62B2B2865994DB02C0 /* Pods_KY_Mobile.framework */ = {isa = PBXFileReference; explicitFileType = wrapper.framework; includeInIndex = 0; path = Pods_KY_Mobile.framework; sourceTree = BUILT_PRODUCTS_DIR; };
		5F3B50632598245F00CA710E /* KY Mobile.app */ = {isa = PBXFileReference; explicitFileType = wrapper.application; includeInIndex = 0; path = "KY Mobile.app"; sourceTree = BUILT_PRODUCTS_DIR; };
		5F3B50662598245F00CA710E /* KY_MobileApp.swift */ = {isa = PBXFileReference; lastKnownFileType = sourcecode.swift; path = KY_MobileApp.swift; sourceTree = "<group>"; };
		5F3B506A2598246500CA710E /* Assets.xcassets */ = {isa = PBXFileReference; lastKnownFileType = folder.assetcatalog; path = Assets.xcassets; sourceTree = "<group>"; };
		5F3B506D2598246500CA710E /* Preview Assets.xcassets */ = {isa = PBXFileReference; lastKnownFileType = folder.assetcatalog; path = "Preview Assets.xcassets"; sourceTree = "<group>"; };
		5F3B506F2598246500CA710E /* Info.plist */ = {isa = PBXFileReference; lastKnownFileType = text.plist.xml; path = Info.plist; sourceTree = "<group>"; };
		5F3B509025982FF600CA710E /* NewUserModel.swift */ = {isa = PBXFileReference; lastKnownFileType = sourcecode.swift; path = NewUserModel.swift; sourceTree = "<group>"; };
		5F3B5098259833DA00CA710E /* UserModel.swift */ = {isa = PBXFileReference; lastKnownFileType = sourcecode.swift; path = UserModel.swift; sourceTree = "<group>"; };
		5F3B509C2598340600CA710E /* NotificationModel.swift */ = {isa = PBXFileReference; lastKnownFileType = sourcecode.swift; path = NotificationModel.swift; sourceTree = "<group>"; };
		5F3B50A02598342600CA710E /* EventModel.swift */ = {isa = PBXFileReference; lastKnownFileType = sourcecode.swift; path = EventModel.swift; sourceTree = "<group>"; };
		5F3B50A32598343400CA710E /* NoticeModel.swift */ = {isa = PBXFileReference; lastKnownFileType = sourcecode.swift; path = NoticeModel.swift; sourceTree = "<group>"; };
		5F3B50A72598348B00CA710E /* FBAuth.swift */ = {isa = PBXFileReference; lastKnownFileType = sourcecode.swift; path = FBAuth.swift; sourceTree = "<group>"; };
		5F3B50AA2598349200CA710E /* FBError.swift */ = {isa = PBXFileReference; lastKnownFileType = sourcecode.swift; path = FBError.swift; sourceTree = "<group>"; };
		5F3B50AD259834A200CA710E /* FBService.swift */ = {isa = PBXFileReference; lastKnownFileType = sourcecode.swift; path = FBService.swift; sourceTree = "<group>"; };
		5F3B511A25983AA700CA710E /* AuthForgotPw.swift */ = {isa = PBXFileReference; fileEncoding = 4; lastKnownFileType = sourcecode.swift; path = AuthForgotPw.swift; sourceTree = "<group>"; };
		5F3B511B25983AA700CA710E /* AuthSignUp.swift */ = {isa = PBXFileReference; fileEncoding = 4; lastKnownFileType = sourcecode.swift; path = AuthSignUp.swift; sourceTree = "<group>"; };
		5F3B511C25983AA700CA710E /* AuthIntro.swift */ = {isa = PBXFileReference; fileEncoding = 4; lastKnownFileType = sourcecode.swift; path = AuthIntro.swift; sourceTree = "<group>"; };
		5F3B511D25983AA800CA710E /* AuthSignIn.swift */ = {isa = PBXFileReference; fileEncoding = 4; lastKnownFileType = sourcecode.swift; path = AuthSignIn.swift; sourceTree = "<group>"; };
		5F3B512325983AD800CA710E /* HomeView.swift */ = {isa = PBXFileReference; fileEncoding = 4; lastKnownFileType = sourcecode.swift; path = HomeView.swift; sourceTree = "<group>"; };
		5F3B512625983AE700CA710E /* NewNoticeSheet.swift */ = {isa = PBXFileReference; fileEncoding = 4; lastKnownFileType = sourcecode.swift; path = NewNoticeSheet.swift; sourceTree = "<group>"; };
		5F3B512725983AE700CA710E /* NoticesView.swift */ = {isa = PBXFileReference; fileEncoding = 4; lastKnownFileType = sourcecode.swift; path = NoticesView.swift; sourceTree = "<group>"; };
		5F3B512825983AE700CA710E /* NoticeCardView.swift */ = {isa = PBXFileReference; fileEncoding = 4; lastKnownFileType = sourcecode.swift; path = NoticeCardView.swift; sourceTree = "<group>"; };
		5F3B512D25983B2400CA710E /* EventCardView.swift */ = {isa = PBXFileReference; fileEncoding = 4; lastKnownFileType = sourcecode.swift; path = EventCardView.swift; sourceTree = "<group>"; };
		5F3B512E25983B2400CA710E /* CurrentView.swift */ = {isa = PBXFileReference; fileEncoding = 4; lastKnownFileType = sourcecode.swift; path = CurrentView.swift; sourceTree = "<group>"; };
		5F3B512F25983B2400CA710E /* NewEventSheet.swift */ = {isa = PBXFileReference; fileEncoding = 4; lastKnownFileType = sourcecode.swift; path = NewEventSheet.swift; sourceTree = "<group>"; };
		5F3B513425983B3000CA710E /* ProfileView.swift */ = {isa = PBXFileReference; fileEncoding = 4; lastKnownFileType = sourcecode.swift; path = ProfileView.swift; sourceTree = "<group>"; };
		5F3B513725983B4200CA710E /* HomeViewModel.swift */ = {isa = PBXFileReference; fileEncoding = 4; lastKnownFileType = sourcecode.swift; path = HomeViewModel.swift; sourceTree = "<group>"; };
		5F3B513D25983B6100CA710E /* NoticesViewModel.swift */ = {isa = PBXFileReference; fileEncoding = 4; lastKnownFileType = sourcecode.swift; path = NoticesViewModel.swift; sourceTree = "<group>"; };
		5F3B514025983B7A00CA710E /* ImagePickerView.swift */ = {isa = PBXFileReference; fileEncoding = 4; lastKnownFileType = sourcecode.swift; path = ImagePickerView.swift; sourceTree = "<group>"; };
		5F3B514225983B7B00CA710E /* Elements.swift */ = {isa = PBXFileReference; fileEncoding = 4; lastKnownFileType = sourcecode.swift; path = Elements.swift; sourceTree = "<group>"; };
		5F3B514325983B7B00CA710E /* CurrentUserInfo.swift */ = {isa = PBXFileReference; fileEncoding = 4; lastKnownFileType = sourcecode.swift; path = CurrentUserInfo.swift; sourceTree = "<group>"; };
		5F3B514425983B7B00CA710E /* TabBarView.swift */ = {isa = PBXFileReference; fileEncoding = 4; lastKnownFileType = sourcecode.swift; path = TabBarView.swift; sourceTree = "<group>"; };
		5F3B514525983B7B00CA710E /* Time.swift */ = {isa = PBXFileReference; fileEncoding = 4; lastKnownFileType = sourcecode.swift; path = Time.swift; sourceTree = "<group>"; };
		5F3B514E259874B200CA710E /* GoogleService-Info.plist */ = {isa = PBXFileReference; fileEncoding = 4; lastKnownFileType = text.plist.xml; path = "GoogleService-Info.plist"; sourceTree = "<group>"; };
		5F3B5183259878EF00CA710E /* CurrentViewModel.swift */ = {isa = PBXFileReference; lastKnownFileType = sourcecode.swift; path = CurrentViewModel.swift; sourceTree = "<group>"; };
		5F3B51A125987BFF00CA710E /* Images.xcassets */ = {isa = PBXFileReference; lastKnownFileType = folder.assetcatalog; path = Images.xcassets; sourceTree = "<group>"; };
		5F3B51A225987C0100CA710E /* Colors.xcassets */ = {isa = PBXFileReference; lastKnownFileType = folder.assetcatalog; path = Colors.xcassets; sourceTree = "<group>"; };
		5F3B51A625987CC000CA710E /* ViewController.swift */ = {isa = PBXFileReference; fileEncoding = 4; lastKnownFileType = sourcecode.swift; path = ViewController.swift; sourceTree = "<group>"; };
		5FD6E2D72599BC6D0085132B /* EventFullView.swift */ = {isa = PBXFileReference; lastKnownFileType = sourcecode.swift; path = EventFullView.swift; sourceTree = "<group>"; };
		5FD6E2DB2599D7D30085132B /* URLImage.swift */ = {isa = PBXFileReference; lastKnownFileType = sourcecode.swift; path = URLImage.swift; sourceTree = "<group>"; };
		5FD6E2E32599DFDE0085132B /* ImageLoaderViewModel.swift */ = {isa = PBXFileReference; lastKnownFileType = sourcecode.swift; path = ImageLoaderViewModel.swift; sourceTree = "<group>"; };
		9205D62AB0E92D1444612072 /* Pods-KY Mobile.debug.xcconfig */ = {isa = PBXFileReference; includeInIndex = 1; lastKnownFileType = text.xcconfig; name = "Pods-KY Mobile.debug.xcconfig"; path = "Target Support Files/Pods-KY Mobile/Pods-KY Mobile.debug.xcconfig"; sourceTree = "<group>"; };
		ECBE65C51E2FB277E9BA3BFC /* Pods-KY Mobile.release.xcconfig */ = {isa = PBXFileReference; includeInIndex = 1; lastKnownFileType = text.xcconfig; name = "Pods-KY Mobile.release.xcconfig"; path = "Target Support Files/Pods-KY Mobile/Pods-KY Mobile.release.xcconfig"; sourceTree = "<group>"; };
/* End PBXFileReference section */

/* Begin PBXFrameworksBuildPhase section */
		5F3B50602598245F00CA710E /* Frameworks */ = {
			isa = PBXFrameworksBuildPhase;
			buildActionMask = 2147483647;
			files = (
				D83A57C49FD7843360ED3553 /* Pods_KY_Mobile.framework in Frameworks */,
			);
			runOnlyForDeploymentPostprocessing = 0;
		};
/* End PBXFrameworksBuildPhase section */

/* Begin PBXGroup section */
		5F3B505A2598245F00CA710E = {
			isa = PBXGroup;
			children = (
				5F3B50652598245F00CA710E /* KY Mobile */,
				5F3B50642598245F00CA710E /* Products */,
				7254CF23D1B0A2C4CAACB0B6 /* Pods */,
				ACB799899D5369956FB92BB6 /* Frameworks */,
			);
			sourceTree = "<group>";
		};
		5F3B50642598245F00CA710E /* Products */ = {
			isa = PBXGroup;
			children = (
				5F3B50632598245F00CA710E /* KY Mobile.app */,
			);
			name = Products;
			sourceTree = "<group>";
		};
		5F3B50652598245F00CA710E /* KY Mobile */ = {
			isa = PBXGroup;
			children = (
				5F3B50662598245F00CA710E /* KY_MobileApp.swift */,
				5F3B51A625987CC000CA710E /* ViewController.swift */,
				5F3B507A2598283300CA710E /* View */,
				5F3B50792598282B00CA710E /* ViewModel */,
				5F3B50762598280B00CA710E /* Firebase */,
				5F3B50782598281B00CA710E /* Model */,
				5F3B50972598321F00CA710E /* Utilities */,
				5F3B506A2598246500CA710E /* Assets.xcassets */,
				5F3B51A225987C0100CA710E /* Colors.xcassets */,
				5F3B51A125987BFF00CA710E /* Images.xcassets */,
				5F3B506F2598246500CA710E /* Info.plist */,
				5F3B514E259874B200CA710E /* GoogleService-Info.plist */,
				5F3B506C2598246500CA710E /* Preview Content */,
			);
			path = "KY Mobile";
			sourceTree = "<group>";
		};
		5F3B506C2598246500CA710E /* Preview Content */ = {
			isa = PBXGroup;
			children = (
				5F3B506D2598246500CA710E /* Preview Assets.xcassets */,
			);
			path = "Preview Content";
			sourceTree = "<group>";
		};
		5F3B50762598280B00CA710E /* Firebase */ = {
			isa = PBXGroup;
			children = (
				5F3B50A72598348B00CA710E /* FBAuth.swift */,
				5F3B50AD259834A200CA710E /* FBService.swift */,
				5F3B50AA2598349200CA710E /* FBError.swift */,
			);
			path = Firebase;
			sourceTree = "<group>";
		};
		5F3B50782598281B00CA710E /* Model */ = {
			isa = PBXGroup;
			children = (
				5F3B5098259833DA00CA710E /* UserModel.swift */,
				5F3B509025982FF600CA710E /* NewUserModel.swift */,
				5F3B50A02598342600CA710E /* EventModel.swift */,
				5F3B50A32598343400CA710E /* NoticeModel.swift */,
				5F3B509C2598340600CA710E /* NotificationModel.swift */,
			);
			path = Model;
			sourceTree = "<group>";
		};
		5F3B50792598282B00CA710E /* ViewModel */ = {
			isa = PBXGroup;
			children = (
				5F3B513725983B4200CA710E /* HomeViewModel.swift */,
				5F3B513D25983B6100CA710E /* NoticesViewModel.swift */,
				5F3B5183259878EF00CA710E /* CurrentViewModel.swift */,
				5F3B514325983B7B00CA710E /* CurrentUserInfo.swift */,
			);
			path = ViewModel;
			sourceTree = "<group>";
		};
		5F3B507A2598283300CA710E /* View */ = {
			isa = PBXGroup;
			children = (
				5F3B511925983A9A00CA710E /* Auth */,
				5F3B511025983A1500CA710E /* Home */,
				5F3B511225983A3000CA710E /* Current */,
				5F3B511125983A2300CA710E /* Notice */,
				5F3B511325983A3500CA710E /* Profile */,
			);
			path = View;
			sourceTree = "<group>";
		};
		5F3B50972598321F00CA710E /* Utilities */ = {
			isa = PBXGroup;
			children = (
				5FD6E2E32599DFDE0085132B /* ImageLoaderViewModel.swift */,
				5FD6E2DB2599D7D30085132B /* URLImage.swift */,
				5F3B514025983B7A00CA710E /* ImagePickerView.swift */,
				5F3B514225983B7B00CA710E /* Elements.swift */,
				5F3B514425983B7B00CA710E /* TabBarView.swift */,
				5F3B514525983B7B00CA710E /* Time.swift */,
			);
			path = Utilities;
			sourceTree = "<group>";
		};
		5F3B511025983A1500CA710E /* Home */ = {
			isa = PBXGroup;
			children = (
				5F3B512325983AD800CA710E /* HomeView.swift */,
			);
			path = Home;
			sourceTree = "<group>";
		};
		5F3B511125983A2300CA710E /* Notice */ = {
			isa = PBXGroup;
			children = (
				5F3B512725983AE700CA710E /* NoticesView.swift */,
				5F3B512825983AE700CA710E /* NoticeCardView.swift */,
				5F3B512625983AE700CA710E /* NewNoticeSheet.swift */,
			);
			path = Notice;
			sourceTree = "<group>";
		};
		5F3B511225983A3000CA710E /* Current */ = {
			isa = PBXGroup;
			children = (
				5F3B512E25983B2400CA710E /* CurrentView.swift */,
				5F3B512D25983B2400CA710E /* EventCardView.swift */,
				5FD6E2D72599BC6D0085132B /* EventFullView.swift */,
				5F3B512F25983B2400CA710E /* NewEventSheet.swift */,
			);
			path = Current;
			sourceTree = "<group>";
		};
		5F3B511325983A3500CA710E /* Profile */ = {
			isa = PBXGroup;
			children = (
				5F3B513425983B3000CA710E /* ProfileView.swift */,
			);
			path = Profile;
			sourceTree = "<group>";
		};
		5F3B511925983A9A00CA710E /* Auth */ = {
			isa = PBXGroup;
			children = (
				5F3B511C25983AA700CA710E /* AuthIntro.swift */,
				5F3B511B25983AA700CA710E /* AuthSignUp.swift */,
				5F3B511D25983AA800CA710E /* AuthSignIn.swift */,
				5F3B511A25983AA700CA710E /* AuthForgotPw.swift */,
			);
			path = Auth;
			sourceTree = "<group>";
		};
		7254CF23D1B0A2C4CAACB0B6 /* Pods */ = {
			isa = PBXGroup;
			children = (
				9205D62AB0E92D1444612072 /* Pods-KY Mobile.debug.xcconfig */,
				ECBE65C51E2FB277E9BA3BFC /* Pods-KY Mobile.release.xcconfig */,
			);
			path = Pods;
			sourceTree = "<group>";
		};
		ACB799899D5369956FB92BB6 /* Frameworks */ = {
			isa = PBXGroup;
			children = (
				3164FB62B2B2865994DB02C0 /* Pods_KY_Mobile.framework */,
			);
			name = Frameworks;
			sourceTree = "<group>";
		};
/* End PBXGroup section */

/* Begin PBXNativeTarget section */
		5F3B50622598245F00CA710E /* KY Mobile */ = {
			isa = PBXNativeTarget;
			buildConfigurationList = 5F3B50722598246500CA710E /* Build configuration list for PBXNativeTarget "KY Mobile" */;
			buildPhases = (
				42BEC0FF4A3B2C900A55817C /* [CP] Check Pods Manifest.lock */,
				5F3B505F2598245F00CA710E /* Sources */,
				5F3B50602598245F00CA710E /* Frameworks */,
				5F3B50612598245F00CA710E /* Resources */,
				A68593F387EA2E7D62A1C4E8 /* [CP] Embed Pods Frameworks */,
			);
			buildRules = (
			);
			dependencies = (
			);
			name = "KY Mobile";
			productName = "KY Mobile";
			productReference = 5F3B50632598245F00CA710E /* KY Mobile.app */;
			productType = "com.apple.product-type.application";
		};
/* End PBXNativeTarget section */

/* Begin PBXProject section */
		5F3B505B2598245F00CA710E /* Project object */ = {
			isa = PBXProject;
			attributes = {
				LastSwiftUpdateCheck = 1230;
				LastUpgradeCheck = 1230;
				TargetAttributes = {
					5F3B50622598245F00CA710E = {
						CreatedOnToolsVersion = 12.3;
					};
				};
			};
			buildConfigurationList = 5F3B505E2598245F00CA710E /* Build configuration list for PBXProject "KY Mobile" */;
			compatibilityVersion = "Xcode 9.3";
			developmentRegion = en;
			hasScannedForEncodings = 0;
			knownRegions = (
				en,
				Base,
			);
			mainGroup = 5F3B505A2598245F00CA710E;
			productRefGroup = 5F3B50642598245F00CA710E /* Products */;
			projectDirPath = "";
			projectRoot = "";
			targets = (
				5F3B50622598245F00CA710E /* KY Mobile */,
			);
		};
/* End PBXProject section */

/* Begin PBXResourcesBuildPhase section */
		5F3B50612598245F00CA710E /* Resources */ = {
			isa = PBXResourcesBuildPhase;
			buildActionMask = 2147483647;
			files = (
				5F3B51A425987C0100CA710E /* Colors.xcassets in Resources */,
				5F3B506E2598246500CA710E /* Preview Assets.xcassets in Resources */,
				5F3B51A325987C0100CA710E /* Images.xcassets in Resources */,
				5F3B514F259874B200CA710E /* GoogleService-Info.plist in Resources */,
				5F3B506B2598246500CA710E /* Assets.xcassets in Resources */,
			);
			runOnlyForDeploymentPostprocessing = 0;
		};
/* End PBXResourcesBuildPhase section */

/* Begin PBXShellScriptBuildPhase section */
		42BEC0FF4A3B2C900A55817C /* [CP] Check Pods Manifest.lock */ = {
			isa = PBXShellScriptBuildPhase;
			buildActionMask = 2147483647;
			files = (
			);
			inputFileListPaths = (
			);
			inputPaths = (
				"${PODS_PODFILE_DIR_PATH}/Podfile.lock",
				"${PODS_ROOT}/Manifest.lock",
			);
			name = "[CP] Check Pods Manifest.lock";
			outputFileListPaths = (
			);
			outputPaths = (
				"$(DERIVED_FILE_DIR)/Pods-KY Mobile-checkManifestLockResult.txt",
			);
			runOnlyForDeploymentPostprocessing = 0;
			shellPath = /bin/sh;
			shellScript = "diff \"${PODS_PODFILE_DIR_PATH}/Podfile.lock\" \"${PODS_ROOT}/Manifest.lock\" > /dev/null\nif [ $? != 0 ] ; then\n    # print error to STDERR\n    echo \"error: The sandbox is not in sync with the Podfile.lock. Run 'pod install' or update your CocoaPods installation.\" >&2\n    exit 1\nfi\n# This output is used by Xcode 'outputs' to avoid re-running this script phase.\necho \"SUCCESS\" > \"${SCRIPT_OUTPUT_FILE_0}\"\n";
			showEnvVarsInLog = 0;
		};
		A68593F387EA2E7D62A1C4E8 /* [CP] Embed Pods Frameworks */ = {
			isa = PBXShellScriptBuildPhase;
			buildActionMask = 2147483647;
			files = (
			);
			inputFileListPaths = (
				"${PODS_ROOT}/Target Support Files/Pods-KY Mobile/Pods-KY Mobile-frameworks-${CONFIGURATION}-input-files.xcfilelist",
			);
			name = "[CP] Embed Pods Frameworks";
			outputFileListPaths = (
				"${PODS_ROOT}/Target Support Files/Pods-KY Mobile/Pods-KY Mobile-frameworks-${CONFIGURATION}-output-files.xcfilelist",
			);
			runOnlyForDeploymentPostprocessing = 0;
			shellPath = /bin/sh;
			shellScript = "\"${PODS_ROOT}/Target Support Files/Pods-KY Mobile/Pods-KY Mobile-frameworks.sh\"\n";
			showEnvVarsInLog = 0;
		};
/* End PBXShellScriptBuildPhase section */

/* Begin PBXSourcesBuildPhase section */
		5F3B505F2598245F00CA710E /* Sources */ = {
			isa = PBXSourcesBuildPhase;
			buildActionMask = 2147483647;
			files = (
				5F3B5184259878EF00CA710E /* CurrentViewModel.swift in Sources */,
				5F3B514B25983B7B00CA710E /* Time.swift in Sources */,
				5F3B511E25983AA800CA710E /* AuthForgotPw.swift in Sources */,
				5F3B50672598245F00CA710E /* KY_MobileApp.swift in Sources */,
				5F3B512425983AD800CA710E /* HomeView.swift in Sources */,
				5F3B513025983B2400CA710E /* EventCardView.swift in Sources */,
				5F3B513825983B4200CA710E /* HomeViewModel.swift in Sources */,
				5FD6E2E42599DFDE0085132B /* ImageLoaderViewModel.swift in Sources */,
				5F3B512925983AE700CA710E /* NewNoticeSheet.swift in Sources */,
				5F3B50AE259834A200CA710E /* FBService.swift in Sources */,
				5F3B51A725987CC000CA710E /* ViewController.swift in Sources */,
				5FD6E2DC2599D7D30085132B /* URLImage.swift in Sources */,
				5F3B514925983B7B00CA710E /* CurrentUserInfo.swift in Sources */,
				5F3B513E25983B6100CA710E /* NoticesViewModel.swift in Sources */,
				5F3B512025983AA800CA710E /* AuthIntro.swift in Sources */,
				5F3B511F25983AA800CA710E /* AuthSignUp.swift in Sources */,
				5F3B512B25983AE700CA710E /* NoticeCardView.swift in Sources */,
				5F3B514625983B7B00CA710E /* ImagePickerView.swift in Sources */,
				5F3B514825983B7B00CA710E /* Elements.swift in Sources */,
				5F3B509125982FF600CA710E /* NewUserModel.swift in Sources */,
				5F3B50A82598348B00CA710E /* FBAuth.swift in Sources */,
				5F3B513225983B2400CA710E /* NewEventSheet.swift in Sources */,
				5F3B512A25983AE700CA710E /* NoticesView.swift in Sources */,
				5F3B512125983AA800CA710E /* AuthSignIn.swift in Sources */,
				5F3B50AB2598349200CA710E /* FBError.swift in Sources */,
				5F3B50A42598343400CA710E /* NoticeModel.swift in Sources */,
				5F3B509D2598340600CA710E /* NotificationModel.swift in Sources */,
				5F3B50A12598342600CA710E /* EventModel.swift in Sources */,
				5F3B513125983B2400CA710E /* CurrentView.swift in Sources */,
				5F3B513525983B3000CA710E /* ProfileView.swift in Sources */,
				5F3B514A25983B7B00CA710E /* TabBarView.swift in Sources */,
				5FD6E2D82599BC6D0085132B /* EventFullView.swift in Sources */,
				5F3B5099259833DA00CA710E /* UserModel.swift in Sources */,
			);
			runOnlyForDeploymentPostprocessing = 0;
		};
/* End PBXSourcesBuildPhase section */

/* Begin XCBuildConfiguration section */
		5F3B50702598246500CA710E /* Debug */ = {
			isa = XCBuildConfiguration;
			buildSettings = {
				ALWAYS_SEARCH_USER_PATHS = NO;
				CLANG_ANALYZER_NONNULL = YES;
				CLANG_ANALYZER_NUMBER_OBJECT_CONVERSION = YES_AGGRESSIVE;
				CLANG_CXX_LANGUAGE_STANDARD = "gnu++14";
				CLANG_CXX_LIBRARY = "libc++";
				CLANG_ENABLE_MODULES = YES;
				CLANG_ENABLE_OBJC_ARC = YES;
				CLANG_ENABLE_OBJC_WEAK = YES;
				CLANG_WARN_BLOCK_CAPTURE_AUTORELEASING = YES;
				CLANG_WARN_BOOL_CONVERSION = YES;
				CLANG_WARN_COMMA = YES;
				CLANG_WARN_CONSTANT_CONVERSION = YES;
				CLANG_WARN_DEPRECATED_OBJC_IMPLEMENTATIONS = YES;
				CLANG_WARN_DIRECT_OBJC_ISA_USAGE = YES_ERROR;
				CLANG_WARN_DOCUMENTATION_COMMENTS = YES;
				CLANG_WARN_EMPTY_BODY = YES;
				CLANG_WARN_ENUM_CONVERSION = YES;
				CLANG_WARN_INFINITE_RECURSION = YES;
				CLANG_WARN_INT_CONVERSION = YES;
				CLANG_WARN_NON_LITERAL_NULL_CONVERSION = YES;
				CLANG_WARN_OBJC_IMPLICIT_RETAIN_SELF = YES;
				CLANG_WARN_OBJC_LITERAL_CONVERSION = YES;
				CLANG_WARN_OBJC_ROOT_CLASS = YES_ERROR;
				CLANG_WARN_QUOTED_INCLUDE_IN_FRAMEWORK_HEADER = YES;
				CLANG_WARN_RANGE_LOOP_ANALYSIS = YES;
				CLANG_WARN_STRICT_PROTOTYPES = YES;
				CLANG_WARN_SUSPICIOUS_MOVE = YES;
				CLANG_WARN_UNGUARDED_AVAILABILITY = YES_AGGRESSIVE;
				CLANG_WARN_UNREACHABLE_CODE = YES;
				CLANG_WARN__DUPLICATE_METHOD_MATCH = YES;
				COPY_PHASE_STRIP = NO;
				DEBUG_INFORMATION_FORMAT = dwarf;
				ENABLE_STRICT_OBJC_MSGSEND = YES;
				ENABLE_TESTABILITY = YES;
				GCC_C_LANGUAGE_STANDARD = gnu11;
				GCC_DYNAMIC_NO_PIC = NO;
				GCC_NO_COMMON_BLOCKS = YES;
				GCC_OPTIMIZATION_LEVEL = 0;
				GCC_PREPROCESSOR_DEFINITIONS = (
					"DEBUG=1",
					"$(inherited)",
				);
				GCC_WARN_64_TO_32_BIT_CONVERSION = YES;
				GCC_WARN_ABOUT_RETURN_TYPE = YES_ERROR;
				GCC_WARN_UNDECLARED_SELECTOR = YES;
				GCC_WARN_UNINITIALIZED_AUTOS = YES_AGGRESSIVE;
				GCC_WARN_UNUSED_FUNCTION = YES;
				GCC_WARN_UNUSED_VARIABLE = YES;
				IPHONEOS_DEPLOYMENT_TARGET = 14.3;
				MTL_ENABLE_DEBUG_INFO = INCLUDE_SOURCE;
				MTL_FAST_MATH = YES;
				ONLY_ACTIVE_ARCH = YES;
				SDKROOT = iphoneos;
				SWIFT_ACTIVE_COMPILATION_CONDITIONS = DEBUG;
				SWIFT_OPTIMIZATION_LEVEL = "-Onone";
			};
			name = Debug;
		};
		5F3B50712598246500CA710E /* Release */ = {
			isa = XCBuildConfiguration;
			buildSettings = {
				ALWAYS_SEARCH_USER_PATHS = NO;
				CLANG_ANALYZER_NONNULL = YES;
				CLANG_ANALYZER_NUMBER_OBJECT_CONVERSION = YES_AGGRESSIVE;
				CLANG_CXX_LANGUAGE_STANDARD = "gnu++14";
				CLANG_CXX_LIBRARY = "libc++";
				CLANG_ENABLE_MODULES = YES;
				CLANG_ENABLE_OBJC_ARC = YES;
				CLANG_ENABLE_OBJC_WEAK = YES;
				CLANG_WARN_BLOCK_CAPTURE_AUTORELEASING = YES;
				CLANG_WARN_BOOL_CONVERSION = YES;
				CLANG_WARN_COMMA = YES;
				CLANG_WARN_CONSTANT_CONVERSION = YES;
				CLANG_WARN_DEPRECATED_OBJC_IMPLEMENTATIONS = YES;
				CLANG_WARN_DIRECT_OBJC_ISA_USAGE = YES_ERROR;
				CLANG_WARN_DOCUMENTATION_COMMENTS = YES;
				CLANG_WARN_EMPTY_BODY = YES;
				CLANG_WARN_ENUM_CONVERSION = YES;
				CLANG_WARN_INFINITE_RECURSION = YES;
				CLANG_WARN_INT_CONVERSION = YES;
				CLANG_WARN_NON_LITERAL_NULL_CONVERSION = YES;
				CLANG_WARN_OBJC_IMPLICIT_RETAIN_SELF = YES;
				CLANG_WARN_OBJC_LITERAL_CONVERSION = YES;
				CLANG_WARN_OBJC_ROOT_CLASS = YES_ERROR;
				CLANG_WARN_QUOTED_INCLUDE_IN_FRAMEWORK_HEADER = YES;
				CLANG_WARN_RANGE_LOOP_ANALYSIS = YES;
				CLANG_WARN_STRICT_PROTOTYPES = YES;
				CLANG_WARN_SUSPICIOUS_MOVE = YES;
				CLANG_WARN_UNGUARDED_AVAILABILITY = YES_AGGRESSIVE;
				CLANG_WARN_UNREACHABLE_CODE = YES;
				CLANG_WARN__DUPLICATE_METHOD_MATCH = YES;
				COPY_PHASE_STRIP = NO;
				DEBUG_INFORMATION_FORMAT = "dwarf-with-dsym";
				ENABLE_NS_ASSERTIONS = NO;
				ENABLE_STRICT_OBJC_MSGSEND = YES;
				GCC_C_LANGUAGE_STANDARD = gnu11;
				GCC_NO_COMMON_BLOCKS = YES;
				GCC_WARN_64_TO_32_BIT_CONVERSION = YES;
				GCC_WARN_ABOUT_RETURN_TYPE = YES_ERROR;
				GCC_WARN_UNDECLARED_SELECTOR = YES;
				GCC_WARN_UNINITIALIZED_AUTOS = YES_AGGRESSIVE;
				GCC_WARN_UNUSED_FUNCTION = YES;
				GCC_WARN_UNUSED_VARIABLE = YES;
				IPHONEOS_DEPLOYMENT_TARGET = 14.3;
				MTL_ENABLE_DEBUG_INFO = NO;
				MTL_FAST_MATH = YES;
				SDKROOT = iphoneos;
				SWIFT_COMPILATION_MODE = wholemodule;
				SWIFT_OPTIMIZATION_LEVEL = "-O";
				VALIDATE_PRODUCT = YES;
			};
			name = Release;
		};
		5F3B50732598246500CA710E /* Debug */ = {
			isa = XCBuildConfiguration;
			baseConfigurationReference = 9205D62AB0E92D1444612072 /* Pods-KY Mobile.debug.xcconfig */;
			buildSettings = {
				ASSETCATALOG_COMPILER_APPICON_NAME = AppIcon;
				ASSETCATALOG_COMPILER_GLOBAL_ACCENT_COLOR_NAME = AccentColor;
				CODE_SIGN_STYLE = Automatic;
				DEVELOPMENT_ASSET_PATHS = "\"KY Mobile/Preview Content\"";
				DEVELOPMENT_TEAM = HJ6ZKGH2DH;
				ENABLE_PREVIEWS = YES;
				INFOPLIST_FILE = "KY Mobile/Info.plist";
				IPHONEOS_DEPLOYMENT_TARGET = 14.0;
				LD_RUNPATH_SEARCH_PATHS = (
					"$(inherited)",
					"@executable_path/Frameworks",
				);
				PRODUCT_BUNDLE_IDENTIFIER = "kycomputingsociety.KY-Mobile";
				PRODUCT_NAME = "$(TARGET_NAME)";
				SWIFT_VERSION = 5.0;
				TARGETED_DEVICE_FAMILY = "1,2";
			};
			name = Debug;
		};
		5F3B50742598246500CA710E /* Release */ = {
			isa = XCBuildConfiguration;
			baseConfigurationReference = ECBE65C51E2FB277E9BA3BFC /* Pods-KY Mobile.release.xcconfig */;
			buildSettings = {
				ASSETCATALOG_COMPILER_APPICON_NAME = AppIcon;
				ASSETCATALOG_COMPILER_GLOBAL_ACCENT_COLOR_NAME = AccentColor;
				CODE_SIGN_STYLE = Automatic;
				DEVELOPMENT_ASSET_PATHS = "\"KY Mobile/Preview Content\"";
				DEVELOPMENT_TEAM = HJ6ZKGH2DH;
				ENABLE_PREVIEWS = YES;
				INFOPLIST_FILE = "KY Mobile/Info.plist";
				IPHONEOS_DEPLOYMENT_TARGET = 14.0;
				LD_RUNPATH_SEARCH_PATHS = (
					"$(inherited)",
					"@executable_path/Frameworks",
				);
				PRODUCT_BUNDLE_IDENTIFIER = "kycomputingsociety.KY-Mobile";
				PRODUCT_NAME = "$(TARGET_NAME)";
				SWIFT_VERSION = 5.0;
				TARGETED_DEVICE_FAMILY = "1,2";
			};
			name = Release;
		};
/* End XCBuildConfiguration section */

/* Begin XCConfigurationList section */
		5F3B505E2598245F00CA710E /* Build configuration list for PBXProject "KY Mobile" */ = {
			isa = XCConfigurationList;
			buildConfigurations = (
				5F3B50702598246500CA710E /* Debug */,
				5F3B50712598246500CA710E /* Release */,
			);
			defaultConfigurationIsVisible = 0;
			defaultConfigurationName = Release;
		};
		5F3B50722598246500CA710E /* Build configuration list for PBXNativeTarget "KY Mobile" */ = {
			isa = XCConfigurationList;
			buildConfigurations = (
				5F3B50732598246500CA710E /* Debug */,
				5F3B50742598246500CA710E /* Release */,
			);
			defaultConfigurationIsVisible = 0;
			defaultConfigurationName = Release;
		};
/* End XCConfigurationList section */
	};
	rootObject = 5F3B505B2598245F00CA710E /* Project object */;
}
